// !$*UTF8*$!
{
	archiveVersion = 1;
	classes = {
	};
	objectVersion = 50;
	objects = {

/* Begin PBXBuildFile section */
		B124A82126A2AD0100728CD7 /* 힙_디스크컨트롤러.swift in Sources */ = {isa = PBXBuildFile; fileRef = B124A82026A2AD0100728CD7 /* 힙_디스크컨트롤러.swift */; };
		B124A82326A2AD1800728CD7 /* 힙_이중우선순위큐.swift in Sources */ = {isa = PBXBuildFile; fileRef = B124A82226A2AD1800728CD7 /* 힙_이중우선순위큐.swift */; };
		B1404206268EE74900F1A4C5 /* 해시_위장.swift in Sources */ = {isa = PBXBuildFile; fileRef = B1404205268EE74900F1A4C5 /* 해시_위장.swift */; };
		B1404209268EE7AC00F1A4C5 /* 이분탐색_입국심사.swift in Sources */ = {isa = PBXBuildFile; fileRef = B1404208268EE7AC00F1A4C5 /* 이분탐색_입국심사.swift */; };
		B140420B268F00F900F1A4C5 /* 이분탐색_징검다리.swift in Sources */ = {isa = PBXBuildFile; fileRef = B140420A268F00F900F1A4C5 /* 이분탐색_징검다리.swift */; };
		B14CA1A826A5697A00AEAE2C /* 그래프탐색_네트워크.swift in Sources */ = {isa = PBXBuildFile; fileRef = B14CA1A726A5697A00AEAE2C /* 그래프탐색_네트워크.swift */; };
		B14CA1AA26A56E8900AEAE2C /* 그래프탐색_여행경로.swift in Sources */ = {isa = PBXBuildFile; fileRef = B14CA1A926A56E8900AEAE2C /* 그래프탐색_여행경로.swift */; };
		B150765B26A6E973009F8479 /* 그래프탐색_단어변환.swift in Sources */ = {isa = PBXBuildFile; fileRef = B150765A26A6E973009F8479 /* 그래프탐색_단어변환.swift */; };
		B150765D26A842EE009F8479 /* 그래프탐색_타겟넘버.swift in Sources */ = {isa = PBXBuildFile; fileRef = B150765C26A842EE009F8479 /* 그래프탐색_타겟넘버.swift */; };
		B1599B4E2678A1D600201F3D /* main.swift in Sources */ = {isa = PBXBuildFile; fileRef = B1599B4D2678A1D600201F3D /* main.swift */; };
		B1599B5C2678A2E500201F3D /* 스택큐_다리를지나는트럭.swift in Sources */ = {isa = PBXBuildFile; fileRef = B1599B5A2678A2E500201F3D /* 스택큐_다리를지나는트럭.swift */; };
		B1599B5D2678A2E500201F3D /* 스택큐_기능개발.swift in Sources */ = {isa = PBXBuildFile; fileRef = B1599B5B2678A2E500201F3D /* 스택큐_기능개발.swift */; };
		B1599B602678A36A00201F3D /* 스택큐_프린터.swift in Sources */ = {isa = PBXBuildFile; fileRef = B1599B5F2678A36A00201F3D /* 스택큐_프린터.swift */; };
		B1599B652678B08F00201F3D /* 완전탐색_카펫.swift in Sources */ = {isa = PBXBuildFile; fileRef = B1599B642678B08F00201F3D /* 완전탐색_카펫.swift */; };
		B1599B682678B53E00201F3D /* 완전탐색_소수찾기.swift in Sources */ = {isa = PBXBuildFile; fileRef = B1599B672678B53E00201F3D /* 완전탐색_소수찾기.swift */; };
		B1599B6F2678B6B900201F3D /* 완전탐색_모의고사.swift in Sources */ = {isa = PBXBuildFile; fileRef = B1599B6E2678B6B900201F3D /* 완전탐색_모의고사.swift */; };
		B15A5DEA26AA984D0062AF32 /* 완전탐색_BOJ10819.swift in Sources */ = {isa = PBXBuildFile; fileRef = B15A5DE926AA984D0062AF32 /* 완전탐색_BOJ10819.swift */; };
		B17207AB268E52E6003A3843 /* 해시_베스트앨범.swift in Sources */ = {isa = PBXBuildFile; fileRef = B17207AA268E52E6003A3843 /* 해시_베스트앨범.swift */; };
		B17CD11E26847139005A6614 /* 정렬_K번째수.swift in Sources */ = {isa = PBXBuildFile; fileRef = B17CD11D26847139005A6614 /* 정렬_K번째수.swift */; };
		B17CD12026847469005A6614 /* 정렬_가장큰수.swift in Sources */ = {isa = PBXBuildFile; fileRef = B17CD11F26847469005A6614 /* 정렬_가장큰수.swift */; };
		B17CD12226847D90005A6614 /* 정렬_H-Index.swift in Sources */ = {isa = PBXBuildFile; fileRef = B17CD12126847D90005A6614 /* 정렬_H-Index.swift */; };
		B1B1F2B626AE8C4A002A64C0 /* 그래프_가장먼노드.swift in Sources */ = {isa = PBXBuildFile; fileRef = B1B1F2B526AE8C4A002A64C0 /* 그래프_가장먼노드.swift */; };
		B1B1F2B826AE98B4002A64C0 /* 그래프_순위.swift in Sources */ = {isa = PBXBuildFile; fileRef = B1B1F2B726AE98B4002A64C0 /* 그래프_순위.swift */; };
/* End PBXBuildFile section */

/* Begin PBXCopyFilesBuildPhase section */
		B1599B482678A1D600201F3D /* CopyFiles */ = {
			isa = PBXCopyFilesBuildPhase;
			buildActionMask = 2147483647;
			dstPath = /usr/share/man/man1/;
			dstSubfolderSpec = 0;
			files = (
			);
			runOnlyForDeploymentPostprocessing = 1;
		};
/* End PBXCopyFilesBuildPhase section */

/* Begin PBXFileReference section */
		B124A82026A2AD0100728CD7 /* 힙_디스크컨트롤러.swift */ = {isa = PBXFileReference; lastKnownFileType = sourcecode.swift; path = "힙_디스크컨트롤러.swift"; sourceTree = "<group>"; };
		B124A82226A2AD1800728CD7 /* 힙_이중우선순위큐.swift */ = {isa = PBXFileReference; lastKnownFileType = sourcecode.swift; path = "힙_이중우선순위큐.swift"; sourceTree = "<group>"; };
		B1404205268EE74900F1A4C5 /* 해시_위장.swift */ = {isa = PBXFileReference; lastKnownFileType = sourcecode.swift; path = "해시_위장.swift"; sourceTree = "<group>"; };
		B1404208268EE7AC00F1A4C5 /* 이분탐색_입국심사.swift */ = {isa = PBXFileReference; lastKnownFileType = sourcecode.swift; path = "이분탐색_입국심사.swift"; sourceTree = "<group>"; };
		B140420A268F00F900F1A4C5 /* 이분탐색_징검다리.swift */ = {isa = PBXFileReference; lastKnownFileType = sourcecode.swift; path = "이분탐색_징검다리.swift"; sourceTree = "<group>"; };
		B14CA1A726A5697A00AEAE2C /* 그래프탐색_네트워크.swift */ = {isa = PBXFileReference; lastKnownFileType = sourcecode.swift; path = "그래프탐색_네트워크.swift"; sourceTree = "<group>"; };
		B14CA1A926A56E8900AEAE2C /* 그래프탐색_여행경로.swift */ = {isa = PBXFileReference; lastKnownFileType = sourcecode.swift; path = "그래프탐색_여행경로.swift"; sourceTree = "<group>"; };
		B150765A26A6E973009F8479 /* 그래프탐색_단어변환.swift */ = {isa = PBXFileReference; lastKnownFileType = sourcecode.swift; path = "그래프탐색_단어변환.swift"; sourceTree = "<group>"; };
		B150765C26A842EE009F8479 /* 그래프탐색_타겟넘버.swift */ = {isa = PBXFileReference; lastKnownFileType = sourcecode.swift; path = "그래프탐색_타겟넘버.swift"; sourceTree = "<group>"; };
		B1599B4A2678A1D600201F3D /* SwiftAlgorithm */ = {isa = PBXFileReference; explicitFileType = "compiled.mach-o.executable"; includeInIndex = 0; path = SwiftAlgorithm; sourceTree = BUILT_PRODUCTS_DIR; };
		B1599B4D2678A1D600201F3D /* main.swift */ = {isa = PBXFileReference; lastKnownFileType = sourcecode.swift; path = main.swift; sourceTree = "<group>"; };
		B1599B5A2678A2E500201F3D /* 스택큐_다리를지나는트럭.swift */ = {isa = PBXFileReference; fileEncoding = 4; lastKnownFileType = sourcecode.swift; path = "스택큐_다리를지나는트럭.swift"; sourceTree = "<group>"; };
		B1599B5B2678A2E500201F3D /* 스택큐_기능개발.swift */ = {isa = PBXFileReference; fileEncoding = 4; lastKnownFileType = sourcecode.swift; path = "스택큐_기능개발.swift"; sourceTree = "<group>"; };
		B1599B5F2678A36A00201F3D /* 스택큐_프린터.swift */ = {isa = PBXFileReference; lastKnownFileType = sourcecode.swift; name = "스택큐_프린터.swift"; path = "스택큐/스택큐_프린터.swift"; sourceTree = SOURCE_ROOT; };
		B1599B642678B08F00201F3D /* 완전탐색_카펫.swift */ = {isa = PBXFileReference; lastKnownFileType = sourcecode.swift; path = "완전탐색_카펫.swift"; sourceTree = "<group>"; };
		B1599B672678B53E00201F3D /* 완전탐색_소수찾기.swift */ = {isa = PBXFileReference; lastKnownFileType = sourcecode.swift; path = "완전탐색_소수찾기.swift"; sourceTree = "<group>"; };
		B1599B6E2678B6B900201F3D /* 완전탐색_모의고사.swift */ = {isa = PBXFileReference; lastKnownFileType = sourcecode.swift; path = "완전탐색_모의고사.swift"; sourceTree = "<group>"; };
		B15A5DE926AA984D0062AF32 /* 완전탐색_BOJ10819.swift */ = {isa = PBXFileReference; lastKnownFileType = sourcecode.swift; path = "완전탐색_BOJ10819.swift"; sourceTree = "<group>"; };
		B17207AA268E52E6003A3843 /* 해시_베스트앨범.swift */ = {isa = PBXFileReference; lastKnownFileType = sourcecode.swift; path = "해시_베스트앨범.swift"; sourceTree = "<group>"; };
		B17CD11D26847139005A6614 /* 정렬_K번째수.swift */ = {isa = PBXFileReference; lastKnownFileType = sourcecode.swift; path = "정렬_K번째수.swift"; sourceTree = "<group>"; };
		B17CD11F26847469005A6614 /* 정렬_가장큰수.swift */ = {isa = PBXFileReference; lastKnownFileType = sourcecode.swift; path = "정렬_가장큰수.swift"; sourceTree = "<group>"; };
		B17CD12126847D90005A6614 /* 정렬_H-Index.swift */ = {isa = PBXFileReference; lastKnownFileType = sourcecode.swift; path = "정렬_H-Index.swift"; sourceTree = "<group>"; };
		B1B1F2B526AE8C4A002A64C0 /* 그래프_가장먼노드.swift */ = {isa = PBXFileReference; lastKnownFileType = sourcecode.swift; path = "그래프_가장먼노드.swift"; sourceTree = "<group>"; };
		B1B1F2B726AE98B4002A64C0 /* 그래프_순위.swift */ = {isa = PBXFileReference; lastKnownFileType = sourcecode.swift; path = "그래프_순위.swift"; sourceTree = "<group>"; };
/* End PBXFileReference section */

/* Begin PBXFrameworksBuildPhase section */
		B1599B472678A1D600201F3D /* Frameworks */ = {
			isa = PBXFrameworksBuildPhase;
			buildActionMask = 2147483647;
			files = (
			);
			runOnlyForDeploymentPostprocessing = 0;
		};
/* End PBXFrameworksBuildPhase section */

/* Begin PBXGroup section */
		B124A81F26A2ACE800728CD7 /* 힙 */ = {
			isa = PBXGroup;
			children = (
				B124A82026A2AD0100728CD7 /* 힙_디스크컨트롤러.swift */,
				B124A82226A2AD1800728CD7 /* 힙_이중우선순위큐.swift */,
			);
			name = "힙";
			path = "힙";
			sourceTree = "<group>";
		};
		B1404207268EE79700F1A4C5 /* 이분탐색 */ = {
			isa = PBXGroup;
			children = (
				B1404208268EE7AC00F1A4C5 /* 이분탐색_입국심사.swift */,
				B140420A268F00F900F1A4C5 /* 이분탐색_징검다리.swift */,
			);
			name = "이분탐색";
			path = "이분탐색";
			sourceTree = "<group>";
		};
		B14CA1A626A5696C00AEAE2C /* 그래프탐색 */ = {
			isa = PBXGroup;
			children = (
				B14CA1A726A5697A00AEAE2C /* 그래프탐색_네트워크.swift */,
				B150765A26A6E973009F8479 /* 그래프탐색_단어변환.swift */,
				B14CA1A926A56E8900AEAE2C /* 그래프탐색_여행경로.swift */,
				B150765C26A842EE009F8479 /* 그래프탐색_타겟넘버.swift */,
			);
			name = "그래프탐색";
			path = "그래프탐색";
			sourceTree = "<group>";
		};
		B1599B412678A1D600201F3D = {
			isa = PBXGroup;
			children = (
				B1B1F2B426AE8C41002A64C0 /* 그래프 */,
				B14CA1A626A5696C00AEAE2C /* 그래프탐색 */,
				B124A81F26A2ACE800728CD7 /* 힙 */,
				B1404207268EE79700F1A4C5 /* 이분탐색 */,
				B17207A9268E52D7003A3843 /* 해시 */,
				B17CD11A26846918005A6614 /* 정렬 */,
				B1599B632678B08100201F3D /* 완전탐색 */,
				B1599B582678A2C900201F3D /* 스택큐 */,
				B1599B4C2678A1D600201F3D /* SwiftAlgorithm */,
				B1599B4B2678A1D600201F3D /* Products */,
			);
			sourceTree = "<group>";
		};
		B1599B4B2678A1D600201F3D /* Products */ = {
			isa = PBXGroup;
			children = (
				B1599B4A2678A1D600201F3D /* SwiftAlgorithm */,
			);
			name = Products;
			sourceTree = "<group>";
		};
		B1599B4C2678A1D600201F3D /* SwiftAlgorithm */ = {
			isa = PBXGroup;
			children = (
				B1599B4D2678A1D600201F3D /* main.swift */,
			);
			path = SwiftAlgorithm;
			sourceTree = "<group>";
		};
		B1599B582678A2C900201F3D /* 스택큐 */ = {
			isa = PBXGroup;
			children = (
				B1599B5B2678A2E500201F3D /* 스택큐_기능개발.swift */,
				B1599B5F2678A36A00201F3D /* 스택큐_프린터.swift */,
				B1599B5A2678A2E500201F3D /* 스택큐_다리를지나는트럭.swift */,
			);
			name = "스택큐";
			path = "스택큐";
			sourceTree = "<group>";
		};
		B1599B632678B08100201F3D /* 완전탐색 */ = {
			isa = PBXGroup;
			children = (
				B1599B642678B08F00201F3D /* 완전탐색_카펫.swift */,
				B1599B672678B53E00201F3D /* 완전탐색_소수찾기.swift */,
				B1599B6E2678B6B900201F3D /* 완전탐색_모의고사.swift */,
				B15A5DE926AA984D0062AF32 /* 완전탐색_BOJ10819.swift */,
			);
			name = "완전탐색";
			path = "완전탐색";
			sourceTree = "<group>";
		};
		B17207A9268E52D7003A3843 /* 해시 */ = {
			isa = PBXGroup;
			children = (
				B17207AA268E52E6003A3843 /* 해시_베스트앨범.swift */,
				B1404205268EE74900F1A4C5 /* 해시_위장.swift */,
			);
			name = "해시";
			path = "해시";
			sourceTree = "<group>";
		};
		B17CD11A26846918005A6614 /* 정렬 */ = {
			isa = PBXGroup;
			children = (
				B17CD11D26847139005A6614 /* 정렬_K번째수.swift */,
				B17CD11F26847469005A6614 /* 정렬_가장큰수.swift */,
				B17CD12126847D90005A6614 /* 정렬_H-Index.swift */,
			);
			name = "정렬";
			path = "정렬";
			sourceTree = "<group>";
		};
		B1B1F2B426AE8C41002A64C0 /* 그래프 */ = {
			isa = PBXGroup;
			children = (
				B1B1F2B526AE8C4A002A64C0 /* 그래프_가장먼노드.swift */,
				B1B1F2B726AE98B4002A64C0 /* 그래프_순위.swift */,
			);
			name = "그래프";
			path = "그래프";
			sourceTree = "<group>";
		};
/* End PBXGroup section */

/* Begin PBXNativeTarget section */
		B1599B492678A1D600201F3D /* SwiftAlgorithm */ = {
			isa = PBXNativeTarget;
			buildConfigurationList = B1599B512678A1D600201F3D /* Build configuration list for PBXNativeTarget "SwiftAlgorithm" */;
			buildPhases = (
				B1599B462678A1D600201F3D /* Sources */,
				B1599B472678A1D600201F3D /* Frameworks */,
				B1599B482678A1D600201F3D /* CopyFiles */,
			);
			buildRules = (
			);
			dependencies = (
			);
			name = SwiftAlgorithm;
			productName = SwiftAlgorithm;
			productReference = B1599B4A2678A1D600201F3D /* SwiftAlgorithm */;
			productType = "com.apple.product-type.tool";
		};
/* End PBXNativeTarget section */

/* Begin PBXProject section */
		B1599B422678A1D600201F3D /* Project object */ = {
			isa = PBXProject;
			attributes = {
				LastSwiftUpdateCheck = 1240;
				LastUpgradeCheck = 1240;
				TargetAttributes = {
					B1599B492678A1D600201F3D = {
						CreatedOnToolsVersion = 12.4;
					};
				};
			};
			buildConfigurationList = B1599B452678A1D600201F3D /* Build configuration list for PBXProject "SwiftAlgorithm" */;
			compatibilityVersion = "Xcode 9.3";
			developmentRegion = en;
			hasScannedForEncodings = 0;
			knownRegions = (
				en,
				Base,
			);
			mainGroup = B1599B412678A1D600201F3D;
			productRefGroup = B1599B4B2678A1D600201F3D /* Products */;
			projectDirPath = "";
			projectRoot = "";
			targets = (
				B1599B492678A1D600201F3D /* SwiftAlgorithm */,
			);
		};
/* End PBXProject section */

/* Begin PBXSourcesBuildPhase section */
		B1599B462678A1D600201F3D /* Sources */ = {
			isa = PBXSourcesBuildPhase;
			buildActionMask = 2147483647;
			files = (
				B14CA1A826A5697A00AEAE2C /* 그래프탐색_네트워크.swift in Sources */,
				B1404209268EE7AC00F1A4C5 /* 이분탐색_입국심사.swift in Sources */,
				B1599B652678B08F00201F3D /* 완전탐색_카펫.swift in Sources */,
				B1599B682678B53E00201F3D /* 완전탐색_소수찾기.swift in Sources */,
				B1B1F2B626AE8C4A002A64C0 /* 그래프_가장먼노드.swift in Sources */,
				B17CD12026847469005A6614 /* 정렬_가장큰수.swift in Sources */,
				B150765B26A6E973009F8479 /* 그래프탐색_단어변환.swift in Sources */,
				B1599B4E2678A1D600201F3D /* main.swift in Sources */,
				B1599B5D2678A2E500201F3D /* 스택큐_기능개발.swift in Sources */,
				B1404206268EE74900F1A4C5 /* 해시_위장.swift in Sources */,
				B17207AB268E52E6003A3843 /* 해시_베스트앨범.swift in Sources */,
				B1599B602678A36A00201F3D /* 스택큐_프린터.swift in Sources */,
				B1599B6F2678B6B900201F3D /* 완전탐색_모의고사.swift in Sources */,
				B1599B5C2678A2E500201F3D /* 스택큐_다리를지나는트럭.swift in Sources */,
				B124A82326A2AD1800728CD7 /* 힙_이중우선순위큐.swift in Sources */,
				B14CA1AA26A56E8900AEAE2C /* 그래프탐색_여행경로.swift in Sources */,
				B150765D26A842EE009F8479 /* 그래프탐색_타겟넘버.swift in Sources */,
				B17CD11E26847139005A6614 /* 정렬_K번째수.swift in Sources */,
				B1B1F2B826AE98B4002A64C0 /* 그래프_순위.swift in Sources */,
				B15A5DEA26AA984D0062AF32 /* 완전탐색_BOJ10819.swift in Sources */,
				B140420B268F00F900F1A4C5 /* 이분탐색_징검다리.swift in Sources */,
				B124A82126A2AD0100728CD7 /* 힙_디스크컨트롤러.swift in Sources */,
				B17CD12226847D90005A6614 /* 정렬_H-Index.swift in Sources */,
			);
			runOnlyForDeploymentPostprocessing = 0;
		};
/* End PBXSourcesBuildPhase section */

/* Begin XCBuildConfiguration section */
		B1599B4F2678A1D600201F3D /* Debug */ = {
			isa = XCBuildConfiguration;
			buildSettings = {
				ALWAYS_SEARCH_USER_PATHS = NO;
				CLANG_ANALYZER_NONNULL = YES;
				CLANG_ANALYZER_NUMBER_OBJECT_CONVERSION = YES_AGGRESSIVE;
				CLANG_CXX_LANGUAGE_STANDARD = "gnu++14";
				CLANG_CXX_LIBRARY = "libc++";
				CLANG_ENABLE_MODULES = YES;
				CLANG_ENABLE_OBJC_ARC = YES;
				CLANG_ENABLE_OBJC_WEAK = YES;
				CLANG_WARN_BLOCK_CAPTURE_AUTORELEASING = YES;
				CLANG_WARN_BOOL_CONVERSION = YES;
				CLANG_WARN_COMMA = YES;
				CLANG_WARN_CONSTANT_CONVERSION = YES;
				CLANG_WARN_DEPRECATED_OBJC_IMPLEMENTATIONS = YES;
				CLANG_WARN_DIRECT_OBJC_ISA_USAGE = YES_ERROR;
				CLANG_WARN_DOCUMENTATION_COMMENTS = YES;
				CLANG_WARN_EMPTY_BODY = YES;
				CLANG_WARN_ENUM_CONVERSION = YES;
				CLANG_WARN_INFINITE_RECURSION = YES;
				CLANG_WARN_INT_CONVERSION = YES;
				CLANG_WARN_NON_LITERAL_NULL_CONVERSION = YES;
				CLANG_WARN_OBJC_IMPLICIT_RETAIN_SELF = YES;
				CLANG_WARN_OBJC_LITERAL_CONVERSION = YES;
				CLANG_WARN_OBJC_ROOT_CLASS = YES_ERROR;
				CLANG_WARN_QUOTED_INCLUDE_IN_FRAMEWORK_HEADER = YES;
				CLANG_WARN_RANGE_LOOP_ANALYSIS = YES;
				CLANG_WARN_STRICT_PROTOTYPES = YES;
				CLANG_WARN_SUSPICIOUS_MOVE = YES;
				CLANG_WARN_UNGUARDED_AVAILABILITY = YES_AGGRESSIVE;
				CLANG_WARN_UNREACHABLE_CODE = YES;
				CLANG_WARN__DUPLICATE_METHOD_MATCH = YES;
				COPY_PHASE_STRIP = NO;
				DEBUG_INFORMATION_FORMAT = dwarf;
				ENABLE_STRICT_OBJC_MSGSEND = YES;
				ENABLE_TESTABILITY = YES;
				GCC_C_LANGUAGE_STANDARD = gnu11;
				GCC_DYNAMIC_NO_PIC = NO;
				GCC_NO_COMMON_BLOCKS = YES;
				GCC_OPTIMIZATION_LEVEL = 0;
				GCC_PREPROCESSOR_DEFINITIONS = (
					"DEBUG=1",
					"$(inherited)",
				);
				GCC_WARN_64_TO_32_BIT_CONVERSION = YES;
				GCC_WARN_ABOUT_RETURN_TYPE = YES_ERROR;
				GCC_WARN_UNDECLARED_SELECTOR = YES;
				GCC_WARN_UNINITIALIZED_AUTOS = YES_AGGRESSIVE;
				GCC_WARN_UNUSED_FUNCTION = YES;
				GCC_WARN_UNUSED_VARIABLE = YES;
				MACOSX_DEPLOYMENT_TARGET = 11.1;
				MTL_ENABLE_DEBUG_INFO = INCLUDE_SOURCE;
				MTL_FAST_MATH = YES;
				ONLY_ACTIVE_ARCH = YES;
				SDKROOT = macosx;
				SWIFT_ACTIVE_COMPILATION_CONDITIONS = DEBUG;
				SWIFT_OPTIMIZATION_LEVEL = "-Onone";
			};
			name = Debug;
		};
		B1599B502678A1D600201F3D /* Release */ = {
			isa = XCBuildConfiguration;
			buildSettings = {
				ALWAYS_SEARCH_USER_PATHS = NO;
				CLANG_ANALYZER_NONNULL = YES;
				CLANG_ANALYZER_NUMBER_OBJECT_CONVERSION = YES_AGGRESSIVE;
				CLANG_CXX_LANGUAGE_STANDARD = "gnu++14";
				CLANG_CXX_LIBRARY = "libc++";
				CLANG_ENABLE_MODULES = YES;
				CLANG_ENABLE_OBJC_ARC = YES;
				CLANG_ENABLE_OBJC_WEAK = YES;
				CLANG_WARN_BLOCK_CAPTURE_AUTORELEASING = YES;
				CLANG_WARN_BOOL_CONVERSION = YES;
				CLANG_WARN_COMMA = YES;
				CLANG_WARN_CONSTANT_CONVERSION = YES;
				CLANG_WARN_DEPRECATED_OBJC_IMPLEMENTATIONS = YES;
				CLANG_WARN_DIRECT_OBJC_ISA_USAGE = YES_ERROR;
				CLANG_WARN_DOCUMENTATION_COMMENTS = YES;
				CLANG_WARN_EMPTY_BODY = YES;
				CLANG_WARN_ENUM_CONVERSION = YES;
				CLANG_WARN_INFINITE_RECURSION = YES;
				CLANG_WARN_INT_CONVERSION = YES;
				CLANG_WARN_NON_LITERAL_NULL_CONVERSION = YES;
				CLANG_WARN_OBJC_IMPLICIT_RETAIN_SELF = YES;
				CLANG_WARN_OBJC_LITERAL_CONVERSION = YES;
				CLANG_WARN_OBJC_ROOT_CLASS = YES_ERROR;
				CLANG_WARN_QUOTED_INCLUDE_IN_FRAMEWORK_HEADER = YES;
				CLANG_WARN_RANGE_LOOP_ANALYSIS = YES;
				CLANG_WARN_STRICT_PROTOTYPES = YES;
				CLANG_WARN_SUSPICIOUS_MOVE = YES;
				CLANG_WARN_UNGUARDED_AVAILABILITY = YES_AGGRESSIVE;
				CLANG_WARN_UNREACHABLE_CODE = YES;
				CLANG_WARN__DUPLICATE_METHOD_MATCH = YES;
				COPY_PHASE_STRIP = NO;
				DEBUG_INFORMATION_FORMAT = "dwarf-with-dsym";
				ENABLE_NS_ASSERTIONS = NO;
				ENABLE_STRICT_OBJC_MSGSEND = YES;
				GCC_C_LANGUAGE_STANDARD = gnu11;
				GCC_NO_COMMON_BLOCKS = YES;
				GCC_WARN_64_TO_32_BIT_CONVERSION = YES;
				GCC_WARN_ABOUT_RETURN_TYPE = YES_ERROR;
				GCC_WARN_UNDECLARED_SELECTOR = YES;
				GCC_WARN_UNINITIALIZED_AUTOS = YES_AGGRESSIVE;
				GCC_WARN_UNUSED_FUNCTION = YES;
				GCC_WARN_UNUSED_VARIABLE = YES;
				MACOSX_DEPLOYMENT_TARGET = 11.1;
				MTL_ENABLE_DEBUG_INFO = NO;
				MTL_FAST_MATH = YES;
				SDKROOT = macosx;
				SWIFT_COMPILATION_MODE = wholemodule;
				SWIFT_OPTIMIZATION_LEVEL = "-O";
			};
			name = Release;
		};
		B1599B522678A1D600201F3D /* Debug */ = {
			isa = XCBuildConfiguration;
			buildSettings = {
				CODE_SIGN_STYLE = Automatic;
				DEVELOPMENT_TEAM = CS3BNMZA76;
				ENABLE_HARDENED_RUNTIME = YES;
				PRODUCT_NAME = "$(TARGET_NAME)";
				SWIFT_VERSION = 5.0;
			};
			name = Debug;
		};
		B1599B532678A1D600201F3D /* Release */ = {
			isa = XCBuildConfiguration;
			buildSettings = {
				CODE_SIGN_STYLE = Automatic;
				DEVELOPMENT_TEAM = CS3BNMZA76;
				ENABLE_HARDENED_RUNTIME = YES;
				PRODUCT_NAME = "$(TARGET_NAME)";
				SWIFT_VERSION = 5.0;
			};
			name = Release;
		};
/* End XCBuildConfiguration section */

/* Begin XCConfigurationList section */
		B1599B452678A1D600201F3D /* Build configuration list for PBXProject "SwiftAlgorithm" */ = {
			isa = XCConfigurationList;
			buildConfigurations = (
				B1599B4F2678A1D600201F3D /* Debug */,
				B1599B502678A1D600201F3D /* Release */,
			);
			defaultConfigurationIsVisible = 0;
			defaultConfigurationName = Release;
		};
		B1599B512678A1D600201F3D /* Build configuration list for PBXNativeTarget "SwiftAlgorithm" */ = {
			isa = XCConfigurationList;
			buildConfigurations = (
				B1599B522678A1D600201F3D /* Debug */,
				B1599B532678A1D600201F3D /* Release */,
			);
			defaultConfigurationIsVisible = 0;
			defaultConfigurationName = Release;
		};
/* End XCConfigurationList section */
	};
	rootObject = B1599B422678A1D600201F3D /* Project object */;
}
